
Microsoft Visual Studio Solution File, Format Version 12.00
# Visual Studio Version 17
VisualStudioVersion = 17.4.33213.308
MinimumVisualStudioVersion = 10.0.40219.1
Project("{9A19103F-16F7-4668-BE54-9A1E7A4F7556}") = "ServerWebApp", "ServerWebApp\ServerWebApp.csproj", "{BBD91C89-D379-48E3-91C8-848A771C9512}"
EndProject
Project("{9A19103F-16F7-4668-BE54-9A1E7A4F7556}") = "WinFormsApp", "WinFormsApp\WinFormsApp.csproj", "{4D8AB544-651D-44BF-B71B-5AC408A4F037}"
EndProject
Project("{9A19103F-16F7-4668-BE54-9A1E7A4F7556}") = "WpfApp", "WpfApp\WpfApp.csproj", "{DCF9F4CF-81C9-454A-8CC2-0CE1CDAB12C5}"
EndProject
Global
	GlobalSection(SolutionConfigurationPlatforms) = preSolution
		Debug|Any CPU = Debug|Any CPU
		Release|Any CPU = Release|Any CPU
	EndGlobalSection
	GlobalSection(ProjectConfigurationPlatforms) = postSolution
		{BBD91C89-D379-48E3-91C8-848A771C9512}.Debug|Any CPU.ActiveCfg = Debug|Any CPU
		{BBD91C89-D379-48E3-91C8-848A771C9512}.Debug|Any CPU.Build.0 = Debug|Any CPU
		{BBD91C89-D379-48E3-91C8-848A771C9512}.Release|Any CPU.ActiveCfg = Release|Any CPU
		{BBD91C89-D379-48E3-91C8-848A771C9512}.Release|Any CPU.Build.0 = Release|Any CPU
		{4D8AB544-651D-44BF-B71B-5AC408A4F037}.Debug|Any CPU.ActiveCfg = Debug|Any CPU
		{4D8AB544-651D-44BF-B71B-5AC408A4F037}.Debug|Any CPU.Build.0 = Debug|Any CPU
		{4D8AB544-651D-44BF-B71B-5AC408A4F037}.Release|Any CPU.ActiveCfg = Release|Any CPU
		{4D8AB544-651D-44BF-B71B-5AC408A4F037}.Release|Any CPU.Build.0 = Release|Any CPU
		{DCF9F4CF-81C9-454A-8CC2-0CE1CDAB12C5}.Debug|Any CPU.ActiveCfg = Debug|Any CPU
		{DCF9F4CF-81C9-454A-8CC2-0CE1CDAB12C5}.Debug|Any CPU.Build.0 = Debug|Any CPU
		{DCF9F4CF-81C9-454A-8CC2-0CE1CDAB12C5}.Release|Any CPU.ActiveCfg = Release|Any CPU
		{DCF9F4CF-81C9-454A-8CC2-0CE1CDAB12C5}.Release|Any CPU.Build.0 = Release|Any CPU
	EndGlobalSection
	GlobalSection(SolutionProperties) = preSolution
		HideSolutionNode = FALSE
	EndGlobalSection
	GlobalSection(ExtensibilityGlobals) = postSolution
		SolutionGuid = {59FA48E9-18D8-415F-BBBE-8C54BB986EB8}
	EndGlobalSection
EndGlobal
